
Microsoft Visual Studio Solution File, Format Version 12.00
# Visual Studio Version 16
VisualStudioVersion = 16.0.810.16
MinimumVisualStudioVersion = 10.0.40219.1
Project("{FAE04EC0-301F-11D3-BF4B-00C04F79EFBC}") = "Mission7", "Mission7\Mission7.csproj", "{C22CA623-FCE6-489F-9153-73CC440F7F66}"
EndProject
Global
	GlobalSection(SolutionConfigurationPlatforms) = preSolution
		Debug|Any CPU = Debug|Any CPU
		Release|Any CPU = Release|Any CPU
	EndGlobalSection
	GlobalSection(ProjectConfigurationPlatforms) = postSolution
		{C22CA623-FCE6-489F-9153-73CC440F7F66}.Debug|Any CPU.ActiveCfg = Debug|Any CPU
		{C22CA623-FCE6-489F-9153-73CC440F7F66}.Debug|Any CPU.Build.0 = Debug|Any CPU
		{C22CA623-FCE6-489F-9153-73CC440F7F66}.Release|Any CPU.ActiveCfg = Release|Any CPU
		{C22CA623-FCE6-489F-9153-73CC440F7F66}.Release|Any CPU.Build.0 = Release|Any CPU
	EndGlobalSection
	GlobalSection(SolutionProperties) = preSolution
		HideSolutionNode = FALSE
	EndGlobalSection
	GlobalSection(ExtensibilityGlobals) = postSolution
		SolutionGuid = {48552083-7F41-42D6-B1E3-0C67E3A8433A}
	EndGlobalSection
EndGlobal
